github.com/Masterminds/semver/v3 v3.4.0 h1:Zog+i5UMtVoCU8oKka5P7i9q9HgrJeGzI9SA1Xbatp0=
github.com/Masterminds/semver/v3 v3.4.0/go.mod h1:4V+yj/TJE1HU9XfppCwVMZq3I84lprf4nC11bSS5beM=
github.com/armon/go-socks5 v0.0.0-20160902184237-e75332964ef5 h1:0CwZNZbxp69SHPdPJAN/hZIm0C4OItdklCFmMRWYpio=
github.com/armon/go-socks5 v0.0.0-20160902184237-e75332964ef5/go.mod h1:wHh0iHkYZB8zMSxRWpUBQtwG5a7fFgvEO+odwuTv2gs=
github.com/beorn7/perks v1.0.1 h1:VlbKKnNfV8bJzeqoa4cOKqO6bYr3WgKZxO8Z16+hsOM=
github.com/beorn7/perks v1.0.1/go.mod h1:G2ZrVWU2WbWT9wwq4/hrbKbnv/1ERSJQ0ibhJ6rlkpw=
github.com/blang/semver/v4 v4.0.0 h1:1PFHFE6yCCTv8C1TeyNNarDzntLi7wMI5i/pzqYIsAM=
github.com/blang/semver/v4 v4.0.0/go.mod h1:IbckMUScFkM3pff0VJDNKRiT6TG/YpiHIM2yvyW5YoQ=
github.com/blendle/zapdriver v1.3.1 h1:C3dydBOWYRiOk+B8X9IVZ5IOe+7cl+tGOexN4QqHfpE=
github.com/blendle/zapdriver v1.3.1/go.mod h1:mdXfREi6u5MArG4j9fewC+FGnXaBR+T4Ox4J2u4eHCc=
github.com/cert-manager/cert-manager v1.20.4 h1:UChdjUrUNB0+58vlSe6YBmS9GTRYLJW7l74AB7vRzb4=
github.com/cert-manager/cert-manager v1.20.4/go.mod h1:rnEMc7aQSzZGVkPVT1sPsL0nQa9blCx7PnGShs7lCj8=
github.com/cespare/xxhash/v2 v2.3.0 h1:UL815xU9SqsFlibzuggzjXhog7bL6oX9BbNZnL2UFvs=
github.com/cespare/xxhash/v2 v2.3.0/go.mod h1:VGX0DQ3Q6kWi7AoAeZDth3/j3BFtOZR5XLFGgcrjCOs=
github.com/davecgh/go-spew v1.1.0/go.mod h1:J7Y8YcW2NihsgmVo/mv3lAwl/skON4iLHjSsI+c5H38=
github.com/davecgh/go-spew v1.1.1/go.mod h1:J7Y8YcW2NihsgmVo/mv3lAwl/skON4iLHjSsI+c5H38=
github.com/davecgh/go-spew v1.1.2-0.20180830191138-d8f796af33cc h1:U9qPSI2PIWSS1VwoXQT9A3Wy9MM3WgvqSxFWenqJduM=
github.com/davecgh/go-spew v1.1.2-0.20180830191138-d8f796af33cc/go.mod h1:J7Y8YcW2NihsgmVo/mv3lAwl/skON4iLHjSsI+c5H38=
github.com/emicklei/go-restful/v3 v3.13.0 h1:C4Bl2xDndpU6nJ4bc1jXd+uTmYPVUwkD6bFY/oTyCes=
github.com/emicklei/go-restful/v3 v3.13.0/go.mod h1:6n3XBCmQQb25CM2LCACGz8ukIrRry+4bhvbpWn3mrbc=
github.com/evanphx/json-patch v5.9.0+incompatible h1:fBXyNpNMuTTDdquAq/uisOr2lShz4oaXpDTX2bLe7ls=
github.com/evanphx/json-patch v5.9.0+incompatible/go.mod h1:50XU6AFN0ol/bzJsmQLiYLvXMP4fmwYFNcr97nuDLSk=
github.com/evanphx/json-patch/v5 v5.9.11 h1:/8HVnzMq13/3x9TPvjG08wUGqBTmZBsCWzjTM0wiaDU=
github.com/evanphx/json-patch/v5 v5.9.11/go.mod h1:3j+LviiESTElxA4p3EMKAB9HXj3/XEtnUf6OZxqIQTM=
github.com/fsnotify/fsnotify v1.9.0 h1:2Ml+OJNzbYCTzsxtv8vKSFD9PbJjmhYF14k/jKC7S9k=
github.com/fsnotify/fsnotify v1.9.0/go.mod h1:8jBTzvmWwFyi3Pb8djgCCO5IBqzKJ/Jwo8TRcHyHii0=
github.com/fxamacker/cbor/v2 v2.9.4 h1:xwjVlxEMR3S605oUlgBjKLTTeGFciYPGYCtF/35LKGo=
github.com/fxamacker/cbor/v2 v2.9.4/go.mod h1:vM4b+DJCtHn+zz7h3FFp/hDAI9WNWCsZj23V5ytsSxQ=
github.com/go-logr/logr v1.4.4 h1:tG4xh9yMsRCAiodLVTxyrkzSZ9+o0L1Kg/+cPVcbP/8=
github.com/go-logr/logr v1.4.4/go.mod h1:9T104GzyrTigFIr8wt5mBrctHMim0Nb2HLGrmQ40KvY=
github.com/go-logr/zapr v1.3.0 h1:XGdV8XW8zdwFiwOA2Dryh1gj2KRQyOOoNmBy4EplIcQ=
github.com/go-logr/zapr v1.3.0/go.mod h1:YKepepNBd1u/oyhd/yQmtjVXmm9uML4IXUgMOwR8/Gg=
github.com/go-openapi/jsonpointer v0.22.4 h1:dZtK82WlNpVLDW2jlA1YCiVJFVqkED1MegOUy9kR5T4=
github.com/go-openapi/jsonpointer v0.22.4/go.mod h1:elX9+UgznpFhgBuaMQ7iu4lvvX1nvNsesQ3oxmYTw80=
github.com/go-openapi/jsonreference v0.21.4 h1:24qaE2y9bx/q3uRK/qN+TDwbok1NhbSmGjjySRCHtC8=
github.com/go-openapi/jsonreference v0.21.4/go.mod h1:rIENPTjDbLpzQmQWCj5kKj3ZlmEh+EFVbz3RTUh30/4=
github.com/go-openapi/swag v0.23.1 h1:lpsStH0n2ittzTnbaSloVZLuB5+fvSY/+hnagBjSNZU=
github.com/go-openapi/swag v0.23.1/go.mod h1:STZs8TbRvEQQKUA+JZNAm3EWlgaOBGpyFDqQnDHMef0=
github.com/go-openapi/swag/jsonname v0.25.4 h1:bZH0+MsS03MbnwBXYhuTttMOqk+5KcQ9869Vye1bNHI=
github.com/go-openapi/swag/jsonname v0.25.4/go.mod h1:GPVEk9CWVhNvWhZgrnvRA6utbAltopbKwDu8mXNUMag=
github.com/go-openapi/testify/v2 v2.0.2 h1:X999g3jeLcoY8qctY/c/Z8iBHTbwLz7R2WXd6Ub6wls=
github.com/go-openapi/testify/v2 v2.0.2/go.mod h1:HCPmvFFnheKK2BuwSA0TbbdxJ3I16pjwMkYkP4Ywn54=
github.com/go-task/slim-sprig/v3 v3.0.0 h1:sUs3vkvUymDpBKi3qH1YSqBQk9+9D/8M2mN1vB6EwHI=
github.com/go-task/slim-sprig/v3 v3.0.0/go.mod h1:W848ghGpv3Qj3dhTPRyJypKRiqCdHZiAzKg9hl15HA8=
github.com/google/btree v1.1.3 h1:CVpQJjYgC4VbzxeGVHfvZrv1ctoYCAI8vbl07Fcxlyg=
github.com/google/btree v1.1.3/go.mod h1:qOPhT0dTNdNzV6Z/lhRX0YXUafgPLFUh+gZMl761Gm4=
github.com/google/gnostic-models v0.7.1 h1:SisTfuFKJSKM5CPZkffwi6coztzzeYUhc3v4yxLWH8c=
github.com/google/gnostic-models v0.7.1/go.mod h1:whL5G0m6dmc5cPxKc5bdKdEN3UjI7OUGxBlw57miDrQ=
github.com/google/go-cmp v0.7.0 h1:wk8382ETsv4JYUZwIsn6YpYiWiBsYLSJiTsyBybVuN8=
github.com/google/go-cmp v0.7.0/go.mod h1:pXiqmnSA92OHEEa9HXL2W4E7lf9JzCmGVUdgjX3N/iU=
github.com/google/go-containerregistry v0.20.3 h1:oNx7IdTI936V8CQRveCjaxOiegWwvM7kqkbXTpyiovI=
github.com/google/go-containerregistry v0.20.3/go.mod h1:w00pIgBRDVUDFM6bq+Qx8lwNWK+cxgCuX1vd3PIBDNI=
github.com/google/gofuzz v1.0.0/go.mod h1:dBl0BpW6vV/+mYPU4Po3pmUjxk6FQPldtuIdl/M65Eg=
github.com/google/gofuzz v1.2.0 h1:xRy4A+RhZaiKjJ1bPfwQ8sedCA+YS2YcCHW6ec7JMi0=
github.com/google/gofuzz v1.2.0/go.mod h1:dBl0BpW6vV/+mYPU4Po3pmUjxk6FQPldtuIdl/M65Eg=
github.com/google/pprof v0.0.0-20250403155104-27863c87afa6 h1:BHT72Gu3keYf3ZEu2J0b1vyeLSOYI8bm5wbJM/8yDe8=
github.com/google/pprof v0.0.0-20250403155104-27863c87afa6/go.mod h1:boTsfXsheKC2y+lKOCMpSfarhxDeIzfZG1jqGcPl3cA=
github.com/google/uuid v1.6.0 h1:NIvaJDMOsjHA8n1jAhLSgzrAzy1Hgr+hNrb57e+94F0=
github.com/google/uuid v1.6.0/go.mod h1:TIyPZe4MgqvfeYDBFedMoGGpEw/LqOeaOT+nhxU+yHo=
github.com/gorilla/websocket v1.5.4-0.20250319132907-e064f32e3674 h1:JeSE6pjso5THxAzdVpqr6/geYxZytqFMBCOtn/ujyeo=
github.com/gorilla/websocket v1.5.4-0.20250319132907-e064f32e3674/go.mod h1:r4w70xmWCQKmi1ONH4KIaBptdivuRPyosB9RmPlGEwA=
github.com/josharian/intern v1.0.0 h1:vlS4z54oSdjm0bgjRigI+G1HpF+tI+9rE5LLzOg8HmY=
github.com/josharian/intern v1.0.0/go.mod h1:5DoeVV0s6jJacbCEi61lwdGj/aVlrQvzHFFd8Hwg//Y=
github.com/json-iterator/go v1.1.12 h1:PV8peI4a0ysnczrg+LtxykD8LfKY9ML6u2jnxaEnrnM=
github.com/json-iterator/go v1.1.12/go.mod h1:e30LSqwooZae/UwlEbR2852Gd8hjQvJoHmT4TnhNGBo=
github.com/klauspost/compress v1.19.1 h1:VsB4HPswih7mmZ8WleSFQ75c/Ui1M4trX5oAsJnhSlk=
github.com/klauspost/compress v1.19.1/go.mod h1:cwPg85FWrGar70rWktvGQj8/hthj3wpl0PGDogxkrSQ=
github.com/klauspost/cpuid/v2 v2.0.12 h1:p9dKCg8i4gmOxtv35DvrYoWqYzQrvEVdjQ762Y0OqZE=
github.com/klauspost/cpuid/v2 v2.0.12/go.mod h1:g2LTdtYhdyuGPqyWyv7qRAmj1WBqxuObKfj5c0PQa7c=
github.com/kr/pretty v0.3.1 h1:flRD4NNwYAUpkphVc1HcthR4KEIFJ65n8Mw5qdRn3LE=
github.com/kr/pretty v0.3.1/go.mod h1:hoEshYVHaxMs3cyo3Yncou5ZscifuDolrwPKZanG3xk=
github.com/kr/text v0.2.0 h1:5Nx0Ya0ZqY2ygV366QzturHI13Jq95ApcVaJBhpS+AY=
github.com/kr/text v0.2.0/go.mod h1:eLer722TekiGuMkidMxC/pM04lWEeraHUUmBw8l2grE=
github.com/kylelemons/godebug v1.1.0 h1:RPNrshWIDI6G2gRW9EHilWtl7Z6Sb1BR0xunSBf0SNc=
github.com/kylelemons/godebug v1.1.0/go.mod h1:9/0rRGxNHcop5bhtWyNeEfOS8JIWk580+fNqagV/RAw=
github.com/mailru/easyjson v0.9.2 h1:dX8U45hQsZpxd80nLvDGihsQ/OxlvTkVUXH2r/8cb2M=
github.com/mailru/easyjson v0.9.2/go.mod h1:1+xMtQp2MRNVL/V1bOzuP3aP8VNwRW55fQUto+XFtTU=
github.com/moby/spdystream v0.5.1 h1:9sNYeYZUcci9R6/w7KDaFWEWeV4LStVG78Mpyq/Zm/Y=
github.com/moby/spdystream v0.5.1/go.mod h1:xBAYlnt/ay+11ShkdFKNAG7LsyK/tmNBVvVOwrfMgdI=
github.com/modern-go/concurrent v0.0.0-20180228061459-e0a39a4cb421/go.mod h1:6dJC0mAP4ikYIbvyc7fijjWJddQyLn8Ig3JB5CqoB9Q=
github.com/modern-go/concurrent v0.0.0-20180306012644-bacd9c7ef1dd h1:TRLaZ9cD/w8PVh93nsPXa1VrQ6jlwL5oN8l14QlcNfg=
github.com/modern-go/concurrent v0.0.0-20180306012644-bacd9c7ef1dd/go.mod h1:6dJC0mAP4ikYIbvyc7fijjWJddQyLn8Ig3JB5CqoB9Q=
github.com/modern-go/reflect2 v1.0.2/go.mod h1:yWuevngMOJpCy52FWWMvUC8ws7m/LJsjYzDa0/r8luk=
github.com/modern-go/reflect2 v1.0.3-0.20250322232337-35a7c28c31ee h1:W5t00kpgFdJifH4BDsTlE89Zl93FEloxaWZfGcifgq8=
github.com/modern-go/reflect2 v1.0.3-0.20250322232337-35a7c28c31ee/go.mod h1:yWuevngMOJpCy52FWWMvUC8ws7m/LJsjYzDa0/r8luk=
github.com/munnerz/goautoneg v0.0.0-20191010083416-a7dc8b61c822 h1:C3w9PqII01/Oq1c1nUAm88MOHcQC9l5mIlSMApZMrHA=
github.com/munnerz/goautoneg v0.0.0-20191010083416-a7dc8b61c822/go.mod h1:+n7T8mK8HuQTcFwEeznm/DIxMOiR9yIdICNftLE1DvQ=
github.com/mxk/go-flowrate v0.0.0-20140419014527-cca7078d478f h1:y5//uYreIhSUg3J1GEMiLbxo1LJaP8RfCpH6pymGZus=
github.com/mxk/go-flowrate v0.0.0-20140419014527-cca7078d478f/go.mod h1:ZdcZmHo+o7JKHSa8/e818NopupXU1YMK5fe1lsApnBw=
github.com/onsi/ginkgo/v2 v2.28.0 h1:Rrf+lVLmtlBIKv6KrIGJCjyY8N36vDVcutbGJkyqjJc=
github.com/onsi/ginkgo/v2 v2.28.0/go.mod h1:ArE1D/XhNXBXCBkKOLkbsb2c81dQHCRcF5zwn/ykDRo=
github.com/onsi/gomega v1.39.1 h1:1IJLAad4zjPn2PsnhH70V4DKRFlrCzGBNrNaru+Vf28=
github.com/onsi/gomega v1.39.1/go.mod h1:hL6yVALoTOxeWudERyfppUcZXjMwIMLnuSfruD2lcfg=
github.com/opencontainers/go-digest v1.0.0 h1:apOUWs51W5PlhuyGyz9FCeeBIOUDA/6nW8Oi/yOhh5U=
github.com/opencontainers/go-digest v1.0.0/go.mod h1:0JzlMkj0TRzQZfJkVvzbP0HBR3IKzErnv2BNG4W4MAM=
github.com/openshift/api v0.0.0-20260916094138-1a69e30ec990 h1:08zVkF7iCvsGhEAFK83jyvg7jS7pSy/wfFp3Ja1x/Mo=
github.com/openshift/api v0.0.0-20260916094138-1a69e30ec990/go.mod h1:pyVjK0nZ4sRs4fuQVQ4rubsJdahI1PB94LnQ8sGdvxo=
github.com/openshift/library-go v0.0.0-20260909144031-8fc95c63c590 h1:PwCbVsfAqoxCPmgIzrHiyDJNXIy9JC7MQU3YvjajruA=
github.com/openshift/library-go v0.0.0-20260909144031-8fc95c63c590/go.mod h1:jnC7fncyNlp9wu20ElexbQvZBnXXZ7NbejCOvU7UqWU=
github.com/pkg/errors v0.8.1/go.mod h1:bwawxfHBFNV+L2hUp1rHADufV3IMtnDRdf1r5NINEl0=
github.com/pkg/errors v0.9.1 h1:FEBLx1zS214owpjy7qsBeixbURkuhQAwrK5UwLGTwt4=
github.com/pkg/errors v0.9.1/go.mod h1:bwawxfHBFNV+L2hUp1rHADufV3IMtnDRdf1r5NINEl0=
github.com/pmezard/go-difflib v1.0.0/go.mod h1:iKH77koFhYxTK1pcRnkKkqfTogsbg7gZNVY4sRDYZ/4=
github.com/pmezard/go-difflib v1.0.1-0.20181226105442-5d4384ee4fb2 h1:Jamvg5psRIccs7FGNTlIRMkT8wgtp5eCXdBlqhYGL6U=
github.com/pmezard/go-difflib v1.0.1-0.20181226105442-5d4384ee4fb2/go.mod h1:iKH77koFhYxTK1pcRnkKkqfTogsbg7gZNVY4sRDYZ/4=
github.com/prometheus-operator/prometheus-operator/pkg/apis/monitoring v0.91.0 h1:m2SZ2z5edgk0nXx7W6VHLfIsKZwgKbr+E5c2RNYyJB8=
github.com/prometheus-operator/prometheus-operator/pkg/apis/monitoring v0.91.0/go.mod h1:Gfzi4500QCMnptFIQc8YdDi8YZ4QA0vs22LROWZ3+YU=
github.com/prometheus/client_golang v1.24.1 h1:JnJkREXzWxUdCuPFpIWZiPispT9xVV59uiuyR2bPlnU=
github.com/prometheus/client_golang v1.24.1/go.mod h1:F+oSRECHg4sse5ucfYpYDeIv/hu68Zo0uoHKetWnzcE=
github.com/prometheus/client_model v0.6.2 h1:oBsgwpGs7iVziMvrGhE53c/GrLUsZdHnqNwqPLxwZyk=
github.com/prometheus/client_model v0.6.2/go.mod h1:y3m2F6Gdpfy6Ut/GBsUqTWZqCUvMVzSfMLjcu6wAwpE=
github.com/prometheus/common v0.71.0 h1:9KDAKb7Mj3HEVKyFCK6Dc/HIwlBzZIN2l7/lrHl3KK8=
github.com/prometheus/common v0.71.0/go.mod h1:CLJ5H8TEsGX8bl31BdMkfhIZ+QmZ9tBPPotUxUbfcmk=
github.com/prometheus/procfs v0.22.0 h1:6q9+/JL9IKAPbCmBrv9n5O5Ty3NKnciV5X7YGw0oics=
github.com/prometheus/procfs v0.22.0/go.mod h1:CvmFr/GVhIjIvWJZW3tgkODBQMRIf0EyWMQLHCHab58=
github.com/rogpeppe/go-internal v1.14.1 h1:UQB4HGPB6osV0SQTLymcB4TgvyWu6ZyliaW0tI/otEQ=
github.com/rogpeppe/go-internal v1.14.1/go.mod h1:MaRKkUm5W0goXpeCfT7UZI6fk/L7L7so1lCWt35ZSgc=
github.com/spf13/pflag v1.0.10 h1:4EBh2KAYBwaONj6b2Ye1GiHfwjqyROoF4RwYO+vPwFk=
github.com/spf13/pflag v1.0.10/go.mod h1:McXfInJRrz4CZXVZOBLb0bTZqETkiAhM9Iw0y3An2Bg=
github.com/stretchr/objx v0.1.0/go.mod h1:HFkY916IF+rwdDfMAkV7OtwuqBVzrE8GR6GFx+wExME=
github.com/stretchr/objx v0.5.2 h1:xuMeJ0Sdp5ZMRXx/aWO6RZxdr3beISkG5/G/aIRr3pY=
github.com/stretchr/objx v0.5.2/go.mod h1:FRsXN1f5AsAjCGJKqEizvkpNtU+EGNCLh3NxZ/8L+MA=
github.com/stretchr/testify v1.3.0/go.mod h1:M5WIy9Dh21IEIfnGCwXGc5bZfKNJtfHm1UVUgZn+9EI=
github.com/stretchr/testify v1.12.1 h1:EuwCh5fleGS7H32xRwO3wRGT7DxrDhLAT6FF8MpWDWE=
github.com/stretchr/testify v1.12.1/go.mod h1:MDEgiDPPsNp5cuIrHPPCyornHKgEVbtFUmoNlxoYthg=
github.com/x448/float16 v0.8.4 h1:qLwI1I70+NjRFUR3zs1JPUCgaCXSh3SW62uAKT1mSBM=
github.com/x448/float16 v0.8.4/go.mod h1:14CWIYCyZA/cWjXOioeEpHeN/83MdbZDRQHoFcYsOfg=
go.uber.org/atomic v1.4.0/go.mod h1:gD2HeocX3+yG+ygLZcrzQJaqmWj9AIm7n08wl/qW/PE=
go.uber.org/goleak v1.3.0 h1:2K3zAYmnTNqV73imy9J1T3WC+gmCePx2hEGkimedGto=
go.uber.org/goleak v1.3.0/go.mod h1:CoHD4mav9JJNrW/WLlf7HGZPjdw8EucARQHekz1X6bE=
go.uber.org/multierr v1.1.0/go.mod h1:wR5kodmAFQ0UK8QlbwjlSNy0Z68gJhDJUG5sjR94q/0=
go.uber.org/multierr v1.11.0 h1:blXXJkSxSSfBVBlC76pxqeO+LN3aDfLQo+309xJstO0=
go.uber.org/multierr v1.11.0/go.mod h1:20+QtiLqy0Nd6FdQB9TLXag12DsQkrbs3htMFfDN80Y=
go.uber.org/zap v1.10.0/go.mod h1:vwi/ZaCAaUcBkycHslxD9B2zi4UTXhF60s6SWpuDF0Q=
go.uber.org/zap v1.28.0 h1:IZzaP1Fv73/T/pBMLk4VutPl36uNC+OSUh3JLG3FIjo=
go.uber.org/zap v1.28.0/go.mod h1:rDLpOi171uODNm/mxFcuYWxDsqWSAVkFdX4XojSKg/Q=
go.yaml.in/yaml/v2 v2.4.4 h1:tuyd0P+2Ont/d6e2rl3be67goVK4R6deVxCUX5vyPaQ=
go.yaml.in/yaml/v2 v2.4.4/go.mod h1:gMZqIpDtDqOfM0uNfy0SkpRhvUryYH0Z6wdMYcacYXQ=
go.yaml.in/yaml/v3 v3.0.5 h1:N6y/pJk8buWs9NY5ERU2HSMfm+IuD/OtfdAnq6kESPw=
go.yaml.in/yaml/v3 v3.0.5/go.mod h1:HVTZu1O7/Vkt2N+BFy8Zza+lnLsABggaTM2ZpNIGuKg=
golang.org/x/mod v0.41.0 h1:qJmnOUb4YB+FsEuM3HcWucdZASCPGhsX6uljO6pog0c=
golang.org/x/mod v0.41.0/go.mod h1:Ek9pY8RKWXwsWvd3rQiHYtMqkjSUV+s1Rj7j4H5Ur6o=
golang.org/x/net v0.58.0 h1:ynWG7rqYi4ccpTEuPZ2QGWHktVEM9DMCj9yzDE0Q7To=
golang.org/x/net v0.58.0/go.mod h1:YwCddHnFlT7eLQqVprV19OnhLGtc5xOKgE0RyqgfWAU=
golang.org/x/oauth2 v0.37.0 h1:JUlcxA8oAtauLfiH8FX2/FkAWHAdi0QtGCGc+hofE98=
golang.org/x/oauth2 v0.37.0/go.mod h1:IxwZNxUULJmpBFf9K/9NTMSIfZZuvuTy1gGxhigP/58=
golang.org/x/sync v0.23.0 h1:KameEIfc1IkluZyXWLn39Wd4tURc6GbCiISGiZm2bQk=
golang.org/x/sync v0.23.0/go.mod h1:sUUOizhqBxiL6pEWpqNLUiaJn1ShEbZ6BBqskPbjZm0=
golang.org/x/sys v0.48.0 h1:bbX/i/6MgT9BVLM9RT1thmxL04yeTAhbEz4SyadbXoo=
golang.org/x/sys v0.48.0/go.mod h1:hNLxWAXmnKAxqDtdwIYC4bM9oQPEecfsnNMuSxOs3og=
golang.org/x/term v0.46.0 h1:3+OXuTbaKDgwk8jTi3aSLHRlmWqHEUDUtxnbFigO4YE=
golang.org/x/term v0.46.0/go.mod h1:+K02xbkittuwc0Am4abfA3Fc+XRGXkvBXNO88NCXPoc=
golang.org/x/text v0.42.0 h1:JbOZXgfeCPU9gacVtYliJqOhD+zhrEqK4LfdpmlUZqI=
golang.org/x/text v0.42.0/go.mod h1:ojzP1Z+2QtioaF8DTtO8K5q7JWVVYwZKenzujK0Zd0E=
golang.org/x/time v0.16.0 h1:vMb6ptszcQMkcwiRTAuNNU50gom6++Q/6gY2hDM6VDE=
golang.org/x/time v0.16.0/go.mod h1:rVKOqvZeKvrDKTQiAHJ7wmwP0RzleSphoEA9RcdLA0s=
golang.org/x/tools v0.49.0 h1:3NI7VXzL9+1WZD52Dx2ttoPwD5DWrFGpl9mFZDlmisI=
golang.org/x/tools v0.49.0/go.mod h1:SJNXV9DBKT0UbdttsQjbfJlAE/q+y36++zo3uL3N0Oo=
gomodules.xyz/jsonpatch/v2 v2.5.0 h1:JELs8RLM12qJGXU4u/TO3V25KW8GreMKl9pdkk14RM0=
gomodules.xyz/jsonpatch/v2 v2.5.0/go.mod h1:AH3dM2RI6uoBZxn3LVrfvJ3E0/9dG4cSrbuBJT4moAY=
google.golang.org/protobuf v1.36.12 h1:pJOKDDOyeXErUroCihFAd5LQuwXBSpVnKGrj5o/fwxc=
google.golang.org/protobuf v1.36.12/go.mod h1:HTf+CrKn2C3g5S8VImy6tdcUvCska2kB7j23XfzDpco=
gopkg.in/check.v1 v0.0.0-20161208181325-20d25e280405/go.mod h1:Co6ibVJAznAaIkqp8huTwlJQCZ016jof/cbN4VW5Yz0=
gopkg.in/check.v1 v1.0.0-20201130134442-10cb98267c6c h1:Hei/4ADfdWqJk1ZMxUNpqntNwaWcugrBjAiHlqqRiVk=
gopkg.in/check.v1 v1.0.0-20201130134442-10cb98267c6c/go.mod h1:JHkPIbrfpd72SG/EVd6muEfDQjcINNoR0C8j2r3qZ4Q=
gopkg.in/evanphx/json-patch.v4 v4.13.0 h1:czT3CmqEaQ1aanPc5SdlgQrrEIb8w/wwCvWWnfEbYzo=
gopkg.in/evanphx/json-patch.v4 v4.13.0/go.mod h1:p8EYWUEYMpynmqDbY58zCKCFZw8pRWMG4EsWvDvM72M=
gopkg.in/inf.v0 v0.9.1 h1:73M5CoZyi3ZLMOyDlQh031Cx6N9NDJ2Vvfl76EDAgDc=
gopkg.in/inf.v0 v0.9.1/go.mod h1:cWUDdTG/fYaXco+Dcufb5Vnc6Gp2YChqWtbxRZE0mXw=
gopkg.in/yaml.v3 v3.0.1 h1:fxVm/GzAzEWqLHuvctI91KS9hhNmmWOoWu0XTYJS7CA=
gopkg.in/yaml.v3 v3.0.1/go.mod h1:K4uyk7z7BCEPqu6E+C64Yfv1cQ7kz7rIZviUmN+EgEM=
k8s.io/api v0.35.8 h1:hxpmPYdneQPKNh0cZyB09Hwd3vgXzdcJs5R3toDXsvU=
k8s.io/api v0.35.8/go.mod h1:I5gVNknFd4hfVVcMCixrenD7V38JUY78q3jtpGyC19c=
k8s.io/apiextensions-apiserver v0.35.8 h1:2lvyZ28M01/1uOPftaPXIbsOaCslzKHTEcdCjCI0VRE=
k8s.io/apiextensions-apiserver v0.35.8/go.mod h1:/ZbM1upeajFY5yHqGMKEzWTLb5Tx3kU2SkxTCtqB4Uw=
k8s.io/apimachinery v0.35.8 h1:piOyQQgse1sGztJVfy3B8f11YpT+KwK5KkD5Jie1EK0=
k8s.io/apimachinery v0.35.8/go.mod h1:z9Vq5oR1X38pkhh0wV531iKSeqmOVjqgHdYMjvzq2+o=
k8s.io/client-go v0.35.8 h1:tIW2sirCQMiGoCSvtOYqS059CDQ5n1nrDQa+PVt4nqY=
k8s.io/client-go v0.35.8/go.mod h1:fT8dATMU8FHMq4hlOudbsxihQ1LIQfDaLNDXBnIk6OQ=
k8s.io/klog/v2 v2.140.0 h1:Tf+J3AH7xnUzZyVVXhTgGhEKnFqye14aadWv7bzXdzc=
k8s.io/klog/v2 v2.140.0/go.mod h1:o+/RWfJ6PwpnFn7OyAG3QnO47BFsymfEfrz6XyYSSp0=
k8s.io/kube-openapi v0.0.0-20260317180543-43fb72c5454a h1:xCeOEAOoGYl2jnJoHkC3hkbPJgdATINPMAxaynU2Ovg=
k8s.io/kube-openapi v0.0.0-20260317180543-43fb72c5454a/go.mod h1:uGBT7iTA6c6MvqUvSXIaYZo9ukscABYi2btjhvgKGZ0=
k8s.io/utils v0.0.0-20260210185600-b8788abfbbc2 h1:AZYQSJemyQB5eRxqcPky+/7EdBj0xi3g0ZcxxJ7vbWU=
k8s.io/utils v0.0.0-20260210185600-b8788abfbbc2/go.mod h1:xDxuJ0whA3d0I4mf/C4ppKHxXynQ+fxnkmQH0vTHnuk=
knative.dev/networking v0.0.0-20260727162500-c7a7b772cac9 h1:DX4tHb6E2L6sqJbbbSoK7ury7jobfC95Tx3To+tQQF0=
knative.dev/networking v0.0.0-20260727162500-c7a7b772cac9/go.mod h1:B1jEsChm8uZvhXwuc7ySZEKG8B6GK+FrQeGx+cL7GGc=
knative.dev/pkg v0.0.0-20260727151759-521cb33b33dd h1:Tpo7m+KdcccVGygF/fr0af9Qv4CG4DTAE756fEDURIo=
knative.dev/pkg v0.0.0-20260727151759-521cb33b33dd/go.mod h1:H+Z0Cy8MsihAolnB4luN7/7RV96ed8VzLvf4jzE8OP4=
knative.dev/serving v0.50.0 h1:9XUQq2yqUPN1YZUuGH6nF8IMvuumNvGXzCrSTYu44bA=
knative.dev/serving v0.50.0/go.mod h1:MP+yKsx/gLczU+agah1HgRrpU6KT0SV96a7bD+v5PKo=
lukechampine.com/blake3 v1.4.1 h1:I3Smz7gso8w4/TunLKec6K2fn+kyKtDxr/xcQEN84Wg=
lukechampine.com/blake3 v1.4.1/go.mod h1:QFosUxmjB8mnrWFSNwKmvxHpfY72bmD2tQ0kBMM3kwo=
sigs.k8s.io/controller-runtime v0.23.3 h1:VjB/vhoPoA9l1kEKZHBMnQF33tdCLQKJtydy4iqwZ80=
sigs.k8s.io/controller-runtime v0.23.3/go.mod h1:B6COOxKptp+YaUT5q4l6LqUJTRpizbgf9KSRNdQGns0=
sigs.k8s.io/gateway-api v1.5.0 h1:duoo14Ky/fJXpjpmyMISE2RTBGnfCg8zICfTYLTnBJA=
sigs.k8s.io/gateway-api v1.5.0/go.mod h1:GvCETiaMAlLym5CovLxGjS0NysqFk3+Yuq3/rh6QL2o=
sigs.k8s.io/json v0.0.0-20250730193827-2d320260d730 h1:IpInykpT6ceI+QxKBbEflcR5EXP7sU1kvOlxwZh5txg=
sigs.k8s.io/json v0.0.0-20250730193827-2d320260d730/go.mod h1:mdzfpAEoE6DHQEN0uh9ZbOCuHbLK5wOm7dK4ctXE9Tg=
sigs.k8s.io/randfill v1.0.0 h1:JfjMILfT8A6RbawdsK2JXGBR5AQVfd+9TbzrlneTyrU=
sigs.k8s.io/randfill v1.0.0/go.mod h1:XeLlZ/jmk4i1HRopwe7/aU3H5n1zNUcX6TM94b3QxOY=
sigs.k8s.io/structured-merge-diff/v6 v6.3.2 h1:kwVWMx5yS1CrnFWA/2QHyRVJ8jM6dBA80uLmm0wJkk8=
sigs.k8s.io/structured-merge-diff/v6 v6.3.2/go.mod h1:M3W8sfWvn2HhQDIbGWj3S099YozAsymCo/wrT5ohRUE=
sigs.k8s.io/yaml v1.6.0 h1:G8fkbMSAFqgEFgh4b1wmtzDnioxFCUgTZhlbj5P9QYs=
sigs.k8s.io/yaml v1.6.0/go.mod h1:796bPqUfzR/0jLAl6XjHl3Ck7MiyVv8dbTdyT3/pMf4=
